
Microsoft Visual Studio Solution File, Format Version 12.00
# Visual Studio Version 16
VisualStudioVersion = 16.0.30114.105
MinimumVisualStudioVersion = 10.0.40219.1
Project("{FAE04EC0-301F-11D3-BF4B-00C04F79EFBC}") = "API", "API\API.csproj", "{67D8A343-856D-4E95-83AD-F8C1ABA0DBB9}"
EndProject
Project("{FAE04EC0-301F-11D3-BF4B-00C04F79EFBC}") = "Core", "core\Core.csproj", "{7B862049-24D7-4DC5-8D00-4437A3E42F73}"
EndProject
Project("{FAE04EC0-301F-11D3-BF4B-00C04F79EFBC}") = "Infrastructure", "Infrastructure\Infrastructure.csproj", "{D9F2BDA8-A9CE-47CA-8E13-F4952F5A60A1}"
EndProject
Global
	GlobalSection(SolutionConfigurationPlatforms) = preSolution
		Debug|Any CPU = Debug|Any CPU
		Debug|x64 = Debug|x64
		Debug|x86 = Debug|x86
		Release|Any CPU = Release|Any CPU
		Release|x64 = Release|x64
		Release|x86 = Release|x86
	EndGlobalSection
	GlobalSection(SolutionProperties) = preSolution
		HideSolutionNode = FALSE
	EndGlobalSection
	GlobalSection(ProjectConfigurationPlatforms) = postSolution
		{67D8A343-856D-4E95-83AD-F8C1ABA0DBB9}.Debug|Any CPU.ActiveCfg = Debug|Any CPU
		{67D8A343-856D-4E95-83AD-F8C1ABA0DBB9}.Debug|Any CPU.Build.0 = Debug|Any CPU
		{67D8A343-856D-4E95-83AD-F8C1ABA0DBB9}.Debug|x64.ActiveCfg = Debug|Any CPU
		{67D8A343-856D-4E95-83AD-F8C1ABA0DBB9}.Debug|x64.Build.0 = Debug|Any CPU
		{67D8A343-856D-4E95-83AD-F8C1ABA0DBB9}.Debug|x86.ActiveCfg = Debug|Any CPU
		{67D8A343-856D-4E95-83AD-F8C1ABA0DBB9}.Debug|x86.Build.0 = Debug|Any CPU
		{67D8A343-856D-4E95-83AD-F8C1ABA0DBB9}.Release|Any CPU.ActiveCfg = Release|Any CPU
		{67D8A343-856D-4E95-83AD-F8C1ABA0DBB9}.Release|Any CPU.Build.0 = Release|Any CPU
		{67D8A343-856D-4E95-83AD-F8C1ABA0DBB9}.Release|x64.ActiveCfg = Release|Any CPU
		{67D8A343-856D-4E95-83AD-F8C1ABA0DBB9}.Release|x64.Build.0 = Release|Any CPU
		{67D8A343-856D-4E95-83AD-F8C1ABA0DBB9}.Release|x86.ActiveCfg = Release|Any CPU
		{67D8A343-856D-4E95-83AD-F8C1ABA0DBB9}.Release|x86.Build.0 = Release|Any CPU
		{7B862049-24D7-4DC5-8D00-4437A3E42F73}.Debug|Any CPU.ActiveCfg = Debug|Any CPU
		{7B862049-24D7-4DC5-8D00-4437A3E42F73}.Debug|Any CPU.Build.0 = Debug|Any CPU
		{7B862049-24D7-4DC5-8D00-4437A3E42F73}.Debug|x64.ActiveCfg = Debug|Any CPU
		{7B862049-24D7-4DC5-8D00-4437A3E42F73}.Debug|x64.Build.0 = Debug|Any CPU
		{7B862049-24D7-4DC5-8D00-4437A3E42F73}.Debug|x86.ActiveCfg = Debug|Any CPU
		{7B862049-24D7-4DC5-8D00-4437A3E42F73}.Debug|x86.Build.0 = Debug|Any CPU
		{7B862049-24D7-4DC5-8D00-4437A3E42F73}.Release|Any CPU.ActiveCfg = Release|Any CPU
		{7B862049-24D7-4DC5-8D00-4437A3E42F73}.Release|Any CPU.Build.0 = Release|Any CPU
		{7B862049-24D7-4DC5-8D00-4437A3E42F73}.Release|x64.ActiveCfg = Release|Any CPU
		{7B862049-24D7-4DC5-8D00-4437A3E42F73}.Release|x64.Build.0 = Release|Any CPU
		{7B862049-24D7-4DC5-8D00-4437A3E42F73}.Release|x86.ActiveCfg = Release|Any CPU
		{7B862049-24D7-4DC5-8D00-4437A3E42F73}.Release|x86.Build.0 = Release|Any CPU
		{D9F2BDA8-A9CE-47CA-8E13-F4952F5A60A1}.Debug|Any CPU.ActiveCfg = Debug|Any CPU
		{D9F2BDA8-A9CE-47CA-8E13-F4952F5A60A1}.Debug|Any CPU.Build.0 = Debug|Any CPU
		{D9F2BDA8-A9CE-47CA-8E13-F4952F5A60A1}.Debug|x64.ActiveCfg = Debug|Any CPU
		{D9F2BDA8-A9CE-47CA-8E13-F4952F5A60A1}.Debug|x64.Build.0 = Debug|Any CPU
		{D9F2BDA8-A9CE-47CA-8E13-F4952F5A60A1}.Debug|x86.ActiveCfg = Debug|Any CPU
		{D9F2BDA8-A9CE-47CA-8E13-F4952F5A60A1}.Debug|x86.Build.0 = Debug|Any CPU
		{D9F2BDA8-A9CE-47CA-8E13-F4952F5A60A1}.Release|Any CPU.ActiveCfg = Release|Any CPU
		{D9F2BDA8-A9CE-47CA-8E13-F4952F5A60A1}.Release|Any CPU.Build.0 = Release|Any CPU
		{D9F2BDA8-A9CE-47CA-8E13-F4952F5A60A1}.Release|x64.ActiveCfg = Release|Any CPU
		{D9F2BDA8-A9CE-47CA-8E13-F4952F5A60A1}.Release|x64.Build.0 = Release|Any CPU
		{D9F2BDA8-A9CE-47CA-8E13-F4952F5A60A1}.Release|x86.ActiveCfg = Release|Any CPU
		{D9F2BDA8-A9CE-47CA-8E13-F4952F5A60A1}.Release|x86.Build.0 = Release|Any CPU
	EndGlobalSection
EndGlobal
